
Microsoft Visual Studio Solution File, Format Version 12.00
# Visual Studio Version 17
VisualStudioVersion = 17.9.34723.18
MinimumVisualStudioVersion = 10.0.40219.1
Project("{FAE04EC0-301F-11D3-BF4B-00C04F79EFBC}") = "Secretare", "Secretare.csproj", "{366DC35D-54D0-469B-9A01-54DDF9480209}"
EndProject
Global
	GlobalSection(SolutionConfigurationPlatforms) = preSolution
		Debug|Any CPU = Debug|Any CPU
		Release|Any CPU = Release|Any CPU
	EndGlobalSection
	GlobalSection(ProjectConfigurationPlatforms) = postSolution
		{366DC35D-54D0-469B-9A01-54DDF9480209}.Debug|Any CPU.ActiveCfg = Debug|Any CPU
		{366DC35D-54D0-469B-9A01-54DDF9480209}.Debug|Any CPU.Build.0 = Debug|Any CPU
		{366DC35D-54D0-469B-9A01-54DDF9480209}.Release|Any CPU.ActiveCfg = Release|Any CPU
		{366DC35D-54D0-469B-9A01-54DDF9480209}.Release|Any CPU.Build.0 = Release|Any CPU
	EndGlobalSection
	GlobalSection(SolutionProperties) = preSolution
		HideSolutionNode = FALSE
	EndGlobalSection
	GlobalSection(ExtensibilityGlobals) = postSolution
		SolutionGuid = {2ED9BA6C-7720-481C-B512-665E02DCD88D}
	EndGlobalSection
EndGlobal
